{
  "name": "sunat-catalogs",
  "version": "1.0.5",
  "lockfileVersion": 1,
  "requires": true,
  "dependencies": {
    "ubigeos": {
      "version": "1.0.3",
      "resolved": "https://registry.npmjs.org/ubigeos/-/ubigeos-1.0.3.tgz",
      "integrity": "sha512-U6k0lAl5Z/YWFXJm/62OuUg4RjLH6HRzHMk/KQxwRZhTXE4/jDov8ePsPf6qG36P1wtvNCPvjWuROhhdKetkvA=="
    }
  }
}
